filippo.io/edwards25519 v1.1.0 h1:FNf4tywRC1HmFuKW5xopWpigGjJKiJSV0Cqo0cJWDaA=
filippo.io/edwards25519 v1.1.0/go.mod h1:BxyFTGdWcka3PhytdK4V28tE5sGfRvvvRV7EaN4VDT4=
github.com/go-sql-driver/mysql v1.8.1 h1:LedoTUt/eveggdHS9qUFC1EFSa8bU2+1pZjSRpvNJ1Y=
github.com/go-sql-driver/mysql v1.8.1/go.mod h1:wEBSXgmK//2ZFJyE+qWnIsVGmvmEKlqwuVSjsCm7DZg=
github.com/ianlancetaylor/cgosymbolizer v0.0.0-20250210230444-5fae499d98fc h1:lnZ6T/9m/cTJAvirkSJZ2FyeKk3zZrVQr9fdUjlt6yo=
github.com/ianlancetaylor/cgosymbolizer v0.0.0-20250210230444-5fae499d98fc/go.mod h1:DvXTE/K/RtHehxU8/GtDs4vFtfw64jJ3PaCnFri8CRg=
github.com/jmoiron/sqlx v1.4.0 h1:1PLqN7S1UYp5t4SrVVnt4nUVNemrDAtxlulVe+Qgm3o=
github.com/jmoiron/sqlx v1.4.0/go.mod h1:ZrZ7UsYB/weZdl2Bxg6jCRO9c3YHl8r3ahlKmRT4JLY=
github.com/lib/pq v1.10.9 h1:YXG7RB+JIjhP29X+OtkiDnYaXQwpS4JEWq7dtCCRUEw=
github.com/lib/pq v1.10.9/go.mod h1:AlVN5x4E4T544tWzH6hKfbfQvm3HdbOxrmggDNAPY9o=
github.com/magefile/mage v1.15.0 h1:BvGheCMAsG3bWUDbZ8AyXXpCNwU9u5CB6sM+HNb9HYg=
github.com/magefile/mage v1.15.0/go.mod h1:z5UZb/iS3GoOSn0JgWuiw7dxlurVYTu+/jHXqQg881A=
github.com/mattn/go-sqlite3 v1.14.22 h1:2gZY6PC6kBnID23Tichd1K+Z0oS6nE/XwU+Vz/5o4kU=
github.com/mattn/go-sqlite3 v1.14.22/go.mod h1:Uh1q+B4BYcTPb+yiD3kU8Ct7aC0hY9fxUwlHK0RXw+Y=
github.com/next-exp/hdf5-go v0.0.0-20250306170816-597097c58078 h1:AGQJXQtykCwbHg7hnZpD5p8HnGkiVLrF5ognqRzF8aE=
github.com/next-exp/hdf5-go v0.0.0-20250306170816-597097c58078/go.mod h1:U7198fEiJLtOUOmYeCUPxGdVdSQu4bkle7Iz5Tw/R7c=
golang.org/x/exp v0.0.0-20250106191152-7588d65b2ba8 h1:yqrTHse8TCMW1M1ZCP+VAR/l0kKxwaAIqN/il7x4voA=
golang.org/x/exp v0.0.0-20250106191152-7588d65b2ba8/go.mod h1:tujkw807nyEEAamNbDrEGzRav+ilXA7PCRAd6xsmwiU=
gonum.org/v1/hdf5 v0.0.0-20210714002203-8c5d23bc6946 h1:vJpL69PeUullhJyKtTjHjENEmZU3BkO4e+fod7nKzgM=
gonum.org/v1/hdf5 v0.0.0-20210714002203-8c5d23bc6946/go.mod h1:BQUWDHIAygjdt1HnUPQ0eWqLN2n5FwJycrpYUVUOx2I=
